
Microsoft Visual Studio Solution File, Format Version 12.00
# Visual Studio Version 17
VisualStudioVersion = 17.4.33403.182
MinimumVisualStudioVersion = 10.0.40219.1
Project("{FAE04EC0-301F-11D3-BF4B-00C04F79EFBC}") = "LanchesMac.Web", "LanchesMac.Web\LanchesMac.Web.csproj", "{4AE2C627-9BCE-45B2-A8AD-7674AA49EF60}"
EndProject
Global
	GlobalSection(SolutionConfigurationPlatforms) = preSolution
		Debug|Any CPU = Debug|Any CPU
		Release|Any CPU = Release|Any CPU
	EndGlobalSection
	GlobalSection(ProjectConfigurationPlatforms) = postSolution
		{4AE2C627-9BCE-45B2-A8AD-7674AA49EF60}.Debug|Any CPU.ActiveCfg = Debug|Any CPU
		{4AE2C627-9BCE-45B2-A8AD-7674AA49EF60}.Debug|Any CPU.Build.0 = Debug|Any CPU
		{4AE2C627-9BCE-45B2-A8AD-7674AA49EF60}.Release|Any CPU.ActiveCfg = Release|Any CPU
		{4AE2C627-9BCE-45B2-A8AD-7674AA49EF60}.Release|Any CPU.Build.0 = Release|Any CPU
	EndGlobalSection
	GlobalSection(SolutionProperties) = preSolution
		HideSolutionNode = FALSE
	EndGlobalSection
	GlobalSection(ExtensibilityGlobals) = postSolution
		SolutionGuid = {A0F86F67-86BD-4B75-9413-1EB8ED143177}
	EndGlobalSection
EndGlobal
